{
  "version": 4,
  "terraform_version": "1.10.5",
  "serial": 91,
  "lineage": "eaf8fba4-620f-9afa-5b4e-661841726df3",
  "outputs": {
    "private_ip_addresses": {
      "value": {
        "master": "10.0.1.6",
        "worker": "10.0.1.4"
      },
      "type": [
        "object",
        {
          "master": "string",
          "worker": "string"
        }
      ]
    },
    "public_ip_addresses": {
      "value": {
        "master": "4.251.105.237",
        "worker": "4.251.108.218"
      },
      "type": [
        "object",
        {
          "master": "string",
          "worker": "string"
        }
      ]
    }
  },
  "resources": [
    {
      "mode": "managed",
      "type": "azurerm_linux_virtual_machine",
      "name": "master_vm",
      "provider": "provider[\"registry.terraform.io/hashicorp/azurerm\"]",
      "instances": [
        {
          "schema_version": 0,
          "attributes": {
            "additional_capabilities": [],
            "admin_password": null,
            "admin_ssh_key": [
              {
                "public_key": "ssh-rsa AAAAB3NzaC1yc2EAAAADAQABAAACAQDXU5V/0ph73WG/5QGg6fmmXFQn5j6PI061V7vsx5FS/PNEfGx6/YhjMQDx8aUpybID/9mWCfff56wS0CMRM3lLDL5W3PCJQ6tJQnGGptwhiWZEIhnQxb2UEyRrfoVToQVpTQDSv8he7DrdN6E6TuCPFBB2iPjOgekng7P8jIGyREBR96TLI9pzdFttuVs6FvxOx8NJF1mKcg+zRpIdIkwoA2zdgYRmsdWROZ2v9YipKDC/M2wSf/pgB/N9oAvEr/3ZyMTVrHXEkNEaHpPHS0yVugBWxATMLzGqdhI1KZWYs4LBHylA4fJ5uTLEJ8fEADtZo2htIyXSjmn3tSR9qrRx3rnZ5ImpXi8uNw8daZY/+ViTnE+PXVOc7UiKw8TFKPEoKQCC3EFpp1GUS4yQb046GmJVKNTnp7pYs38ZJCVN0AN0zyVsoy0GmufpCIRipZoLEEwJdQ+AXdDiM2aBRIU/ry3tryWd0pMdW1G2SKVCdJWrrMdW6qWOPYBlIVuybCbw4cDbbpZZRVFopOh+Q3APV/NIbqfKQRDDw0+NeD592RPJ7mrKvxFuFAERyate2MIqbATrBTMiSVWdbP6ARqf7OdHe/NWgnsbmxEOGbpVNBzDMAsz3NWz3h0OL0wesFSWQgh2xV3qdM2FXZptxEHfWNoNB5ZMmRTaRASfaz54lIw== azureuser\r\n",
                "username": "azureuser"
              }
            ],
            "admin_username": "azureuser",
            "allow_extension_operations": true,
            "availability_set_id": "",
            "boot_diagnostics": [],
            "bypass_platform_safety_checks_on_user_schedule_enabled": false,
            "capacity_reservation_group_id": "",
            "computer_name": "machine-master",
            "custom_data": null,
            "dedicated_host_group_id": "",
            "dedicated_host_id": "",
            "disable_password_authentication": true,
            "disk_controller_type": "SCSI",
            "edge_zone": "",
            "encryption_at_host_enabled": false,
            "eviction_policy": "",
            "extensions_time_budget": "PT1H30M",
            "gallery_application": [],
            "id": "/subscriptions/2c63fe1b-5386-424b-9198-a57bb4698643/resourceGroups/myResourceGroup/providers/Microsoft.Compute/virtualMachines/machine-master",
            "identity": [],
            "license_type": "",
            "location": "francecentral",
            "max_bid_price": -1,
            "name": "machine-master",
            "network_interface_ids": [
              "/subscriptions/2c63fe1b-5386-424b-9198-a57bb4698643/resourceGroups/myResourceGroup/providers/Microsoft.Network/networkInterfaces/master-nic"
            ],
            "os_disk": [
              {
                "caching": "ReadWrite",
                "diff_disk_settings": [],
                "disk_encryption_set_id": "",
                "disk_size_gb": 30,
                "id": "/subscriptions/2c63fe1b-5386-424b-9198-a57bb4698643/resourceGroups/myResourceGroup/providers/Microsoft.Compute/disks/machine-master_OsDisk_1_7a217393b5cc45b1a6a3f0d312bf9496",
                "name": "machine-master_OsDisk_1_7a217393b5cc45b1a6a3f0d312bf9496",
                "secure_vm_disk_encryption_set_id": "",
                "security_encryption_type": "",
                "storage_account_type": "Standard_LRS",
                "write_accelerator_enabled": false
              }
            ],
            "os_image_notification": [],
            "patch_assessment_mode": "ImageDefault",
            "patch_mode": "ImageDefault",
            "plan": [],
            "platform_fault_domain": -1,
            "priority": "Regular",
            "private_ip_address": "10.0.1.6",
            "private_ip_addresses": [
              "10.0.1.6"
            ],
            "provision_vm_agent": true,
            "proximity_placement_group_id": "",
            "public_ip_address": "4.251.105.237",
            "public_ip_addresses": [
              "4.251.105.237"
            ],
            "reboot_setting": "",
            "resource_group_name": "myResourceGroup",
            "secret": [],
            "secure_boot_enabled": false,
            "size": "Standard_B2s",
            "source_image_id": "",
            "source_image_reference": [
              {
                "offer": "0001-com-ubuntu-server-jammy",
                "publisher": "Canonical",
                "sku": "22_04-lts-gen2",
                "version": "latest"
              }
            ],
            "tags": {},
            "termination_notification": [],
            "timeouts": null,
            "user_data": "",
            "virtual_machine_id": "5bf40b4d-0bc8-4d05-9179-d701b8a034be",
            "virtual_machine_scale_set_id": "",
            "vm_agent_platform_updates_enabled": false,
            "vtpm_enabled": false,
            "zone": ""
          },
          "sensitive_attributes": [
            [
              {
                "type": "get_attr",
                "value": "custom_data"
              }
            ],
            [
              {
                "type": "get_attr",
                "value": "admin_password"
              }
            ]
          ],
          "private": "eyJlMmJmYjczMC1lY2FhLTExZTYtOGY4OC0zNDM2M2JjN2M0YzAiOnsiY3JlYXRlIjoyNzAwMDAwMDAwMDAwLCJkZWxldGUiOjI3MDAwMDAwMDAwMDAsInJlYWQiOjMwMDAwMDAwMDAwMCwidXBkYXRlIjoyNzAwMDAwMDAwMDAwfX0=",
          "dependencies": [
            "azurerm_network_interface.master_nic",
            "azurerm_public_ip.master_public_ip",
            "azurerm_resource_group.rg",
            "azurerm_subnet.subnet",
            "azurerm_virtual_network.vnet"
          ]
        }
      ]
    },
    {
      "mode": "managed",
      "type": "azurerm_linux_virtual_machine",
      "name": "worker_vm",
      "provider": "provider[\"registry.terraform.io/hashicorp/azurerm\"]",
      "instances": [
        {
          "schema_version": 0,
          "attributes": {
            "additional_capabilities": [],
            "admin_password": null,
            "admin_ssh_key": [
              {
                "public_key": "ssh-rsa AAAAB3NzaC1yc2EAAAADAQABAAACAQDXU5V/0ph73WG/5QGg6fmmXFQn5j6PI061V7vsx5FS/PNEfGx6/YhjMQDx8aUpybID/9mWCfff56wS0CMRM3lLDL5W3PCJQ6tJQnGGptwhiWZEIhnQxb2UEyRrfoVToQVpTQDSv8he7DrdN6E6TuCPFBB2iPjOgekng7P8jIGyREBR96TLI9pzdFttuVs6FvxOx8NJF1mKcg+zRpIdIkwoA2zdgYRmsdWROZ2v9YipKDC/M2wSf/pgB/N9oAvEr/3ZyMTVrHXEkNEaHpPHS0yVugBWxATMLzGqdhI1KZWYs4LBHylA4fJ5uTLEJ8fEADtZo2htIyXSjmn3tSR9qrRx3rnZ5ImpXi8uNw8daZY/+ViTnE+PXVOc7UiKw8TFKPEoKQCC3EFpp1GUS4yQb046GmJVKNTnp7pYs38ZJCVN0AN0zyVsoy0GmufpCIRipZoLEEwJdQ+AXdDiM2aBRIU/ry3tryWd0pMdW1G2SKVCdJWrrMdW6qWOPYBlIVuybCbw4cDbbpZZRVFopOh+Q3APV/NIbqfKQRDDw0+NeD592RPJ7mrKvxFuFAERyate2MIqbATrBTMiSVWdbP6ARqf7OdHe/NWgnsbmxEOGbpVNBzDMAsz3NWz3h0OL0wesFSWQgh2xV3qdM2FXZptxEHfWNoNB5ZMmRTaRASfaz54lIw== azureuser\r\n",
                "username": "azureuser"
              }
            ],
            "admin_username": "azureuser",
            "allow_extension_operations": true,
            "availability_set_id": "",
            "boot_diagnostics": [],
            "bypass_platform_safety_checks_on_user_schedule_enabled": false,
            "capacity_reservation_group_id": "",
            "computer_name": "machine-worker",
            "custom_data": null,
            "dedicated_host_group_id": "",
            "dedicated_host_id": "",
            "disable_password_authentication": true,
            "disk_controller_type": "SCSI",
            "edge_zone": "",
            "encryption_at_host_enabled": false,
            "eviction_policy": "",
            "extensions_time_budget": "PT1H30M",
            "gallery_application": [],
            "id": "/subscriptions/2c63fe1b-5386-424b-9198-a57bb4698643/resourceGroups/myResourceGroup/providers/Microsoft.Compute/virtualMachines/machine-worker",
            "identity": [],
            "license_type": "",
            "location": "francecentral",
            "max_bid_price": -1,
            "name": "machine-worker",
            "network_interface_ids": [
              "/subscriptions/2c63fe1b-5386-424b-9198-a57bb4698643/resourceGroups/myResourceGroup/providers/Microsoft.Network/networkInterfaces/worker-nic"
            ],
            "os_disk": [
              {
                "caching": "ReadWrite",
                "diff_disk_settings": [],
                "disk_encryption_set_id": "",
                "disk_size_gb": 30,
                "id": "/subscriptions/2c63fe1b-5386-424b-9198-a57bb4698643/resourceGroups/myResourceGroup/providers/Microsoft.Compute/disks/machine-worker_OsDisk_1_7d82f210151944968102f0400f709fd7",
                "name": "machine-worker_OsDisk_1_7d82f210151944968102f0400f709fd7",
                "secure_vm_disk_encryption_set_id": "",
                "security_encryption_type": "",
                "storage_account_type": "Standard_LRS",
                "write_accelerator_enabled": false
              }
            ],
            "os_image_notification": [],
            "patch_assessment_mode": "ImageDefault",
            "patch_mode": "ImageDefault",
            "plan": [],
            "platform_fault_domain": -1,
            "priority": "Regular",
            "private_ip_address": "10.0.1.4",
            "private_ip_addresses": [
              "10.0.1.4"
            ],
            "provision_vm_agent": true,
            "proximity_placement_group_id": "",
            "public_ip_address": "4.251.108.218",
            "public_ip_addresses": [
              "4.251.108.218"
            ],
            "reboot_setting": "",
            "resource_group_name": "myResourceGroup",
            "secret": [],
            "secure_boot_enabled": false,
            "size": "Standard_B2s",
            "source_image_id": "",
            "source_image_reference": [
              {
                "offer": "0001-com-ubuntu-server-jammy",
                "publisher": "Canonical",
                "sku": "22_04-lts-gen2",
                "version": "latest"
              }
            ],
            "tags": null,
            "termination_notification": null,
            "timeouts": null,
            "user_data": "",
            "virtual_machine_id": "fb3eb59b-936a-419e-a184-0ac0c2623560",
            "virtual_machine_scale_set_id": "",
            "vm_agent_platform_updates_enabled": false,
            "vtpm_enabled": false,
            "zone": ""
          },
          "sensitive_attributes": [
            [
              {
                "type": "get_attr",
                "value": "custom_data"
              }
            ],
            [
              {
                "type": "get_attr",
                "value": "admin_password"
              }
            ]
          ],
          "private": "eyJlMmJmYjczMC1lY2FhLTExZTYtOGY4OC0zNDM2M2JjN2M0YzAiOnsiY3JlYXRlIjoyNzAwMDAwMDAwMDAwLCJkZWxldGUiOjI3MDAwMDAwMDAwMDAsInJlYWQiOjMwMDAwMDAwMDAwMCwidXBkYXRlIjoyNzAwMDAwMDAwMDAwfX0=",
          "dependencies": [
            "azurerm_network_interface.worker_nic",
            "azurerm_public_ip.worker_public_ip",
            "azurerm_resource_group.rg",
            "azurerm_subnet.subnet",
            "azurerm_virtual_network.vnet"
          ]
        }
      ]
    },
    {
      "mode": "managed",
      "type": "azurerm_network_interface",
      "name": "master_nic",
      "provider": "provider[\"registry.terraform.io/hashicorp/azurerm\"]",
      "instances": [
        {
          "schema_version": 0,
          "attributes": {
            "accelerated_networking_enabled": false,
            "applied_dns_servers": [],
            "auxiliary_mode": "",
            "auxiliary_sku": "",
            "dns_servers": [],
            "edge_zone": "",
            "id": "/subscriptions/2c63fe1b-5386-424b-9198-a57bb4698643/resourceGroups/myResourceGroup/providers/Microsoft.Network/networkInterfaces/master-nic",
            "internal_dns_name_label": "",
            "internal_domain_name_suffix": "smfwymxdwl1e5alppngqjdm45c.parx.internal.cloudapp.net",
            "ip_configuration": [
              {
                "gateway_load_balancer_frontend_ip_configuration_id": "",
                "name": "internal",
                "primary": true,
                "private_ip_address": "10.0.1.6",
                "private_ip_address_allocation": "Dynamic",
                "private_ip_address_version": "IPv4",
                "public_ip_address_id": "/subscriptions/2c63fe1b-5386-424b-9198-a57bb4698643/resourceGroups/myResourceGroup/providers/Microsoft.Network/publicIPAddresses/master-public-ip",
                "subnet_id": "/subscriptions/2c63fe1b-5386-424b-9198-a57bb4698643/resourceGroups/myResourceGroup/providers/Microsoft.Network/virtualNetworks/myVNet/subnets/mySubnet"
              }
            ],
            "ip_forwarding_enabled": false,
            "location": "francecentral",
            "mac_address": "60-45-BD-6C-F1-A0",
            "name": "master-nic",
            "private_ip_address": "10.0.1.6",
            "private_ip_addresses": [
              "10.0.1.6"
            ],
            "resource_group_name": "myResourceGroup",
            "tags": {},
            "timeouts": null,
            "virtual_machine_id": "/subscriptions/2c63fe1b-5386-424b-9198-a57bb4698643/resourceGroups/myResourceGroup/providers/Microsoft.Compute/virtualMachines/machine-master"
          },
          "sensitive_attributes": [],
          "private": "eyJlMmJmYjczMC1lY2FhLTExZTYtOGY4OC0zNDM2M2JjN2M0YzAiOnsiY3JlYXRlIjoxODAwMDAwMDAwMDAwLCJkZWxldGUiOjE4MDAwMDAwMDAwMDAsInJlYWQiOjMwMDAwMDAwMDAwMCwidXBkYXRlIjoxODAwMDAwMDAwMDAwfX0=",
          "dependencies": [
            "azurerm_public_ip.master_public_ip",
            "azurerm_resource_group.rg",
            "azurerm_subnet.subnet",
            "azurerm_virtual_network.vnet"
          ]
        }
      ]
    },
    {
      "mode": "managed",
      "type": "azurerm_network_interface",
      "name": "worker_nic",
      "provider": "provider[\"registry.terraform.io/hashicorp/azurerm\"]",
      "instances": [
        {
          "schema_version": 0,
          "attributes": {
            "accelerated_networking_enabled": false,
            "applied_dns_servers": [],
            "auxiliary_mode": "",
            "auxiliary_sku": "",
            "dns_servers": [],
            "edge_zone": "",
            "id": "/subscriptions/2c63fe1b-5386-424b-9198-a57bb4698643/resourceGroups/myResourceGroup/providers/Microsoft.Network/networkInterfaces/worker-nic",
            "internal_dns_name_label": "",
            "internal_domain_name_suffix": "smfwymxdwl1e5alppngqjdm45c.parx.internal.cloudapp.net",
            "ip_configuration": [
              {
                "gateway_load_balancer_frontend_ip_configuration_id": "",
                "name": "internal",
                "primary": true,
                "private_ip_address": "10.0.1.4",
                "private_ip_address_allocation": "Dynamic",
                "private_ip_address_version": "IPv4",
                "public_ip_address_id": "/subscriptions/2c63fe1b-5386-424b-9198-a57bb4698643/resourceGroups/myResourceGroup/providers/Microsoft.Network/publicIPAddresses/worker-public-ip",
                "subnet_id": "/subscriptions/2c63fe1b-5386-424b-9198-a57bb4698643/resourceGroups/myResourceGroup/providers/Microsoft.Network/virtualNetworks/myVNet/subnets/mySubnet"
              }
            ],
            "ip_forwarding_enabled": false,
            "location": "francecentral",
            "mac_address": "",
            "name": "worker-nic",
            "private_ip_address": "10.0.1.4",
            "private_ip_addresses": [
              "10.0.1.4"
            ],
            "resource_group_name": "myResourceGroup",
            "tags": {},
            "timeouts": null,
            "virtual_machine_id": ""
          },
          "sensitive_attributes": [],
          "private": "eyJlMmJmYjczMC1lY2FhLTExZTYtOGY4OC0zNDM2M2JjN2M0YzAiOnsiY3JlYXRlIjoxODAwMDAwMDAwMDAwLCJkZWxldGUiOjE4MDAwMDAwMDAwMDAsInJlYWQiOjMwMDAwMDAwMDAwMCwidXBkYXRlIjoxODAwMDAwMDAwMDAwfX0=",
          "dependencies": [
            "azurerm_public_ip.worker_public_ip",
            "azurerm_resource_group.rg",
            "azurerm_subnet.subnet",
            "azurerm_virtual_network.vnet"
          ]
        }
      ]
    },
    {
      "mode": "managed",
      "type": "azurerm_public_ip",
      "name": "master_public_ip",
      "provider": "provider[\"registry.terraform.io/hashicorp/azurerm\"]",
      "instances": [
        {
          "schema_version": 0,
          "attributes": {
            "allocation_method": "Static",
            "ddos_protection_mode": "VirtualNetworkInherited",
            "ddos_protection_plan_id": null,
            "domain_name_label": null,
            "domain_name_label_scope": null,
            "edge_zone": "",
            "fqdn": null,
            "id": "/subscriptions/2c63fe1b-5386-424b-9198-a57bb4698643/resourceGroups/myResourceGroup/providers/Microsoft.Network/publicIPAddresses/master-public-ip",
            "idle_timeout_in_minutes": 4,
            "ip_address": "4.251.105.237",
            "ip_tags": {},
            "ip_version": "IPv4",
            "location": "francecentral",
            "name": "master-public-ip",
            "public_ip_prefix_id": null,
            "resource_group_name": "myResourceGroup",
            "reverse_fqdn": null,
            "sku": "Basic",
            "sku_tier": "Regional",
            "tags": {},
            "timeouts": null,
            "zones": []
          },
          "sensitive_attributes": [],
          "private": "eyJlMmJmYjczMC1lY2FhLTExZTYtOGY4OC0zNDM2M2JjN2M0YzAiOnsiY3JlYXRlIjoxODAwMDAwMDAwMDAwLCJkZWxldGUiOjE4MDAwMDAwMDAwMDAsInJlYWQiOjMwMDAwMDAwMDAwMCwidXBkYXRlIjoxODAwMDAwMDAwMDAwfX0=",
          "dependencies": [
            "azurerm_resource_group.rg"
          ]
        }
      ]
    },
    {
      "mode": "managed",
      "type": "azurerm_public_ip",
      "name": "worker_public_ip",
      "provider": "provider[\"registry.terraform.io/hashicorp/azurerm\"]",
      "instances": [
        {
          "schema_version": 0,
          "attributes": {
            "allocation_method": "Static",
            "ddos_protection_mode": "VirtualNetworkInherited",
            "ddos_protection_plan_id": null,
            "domain_name_label": null,
            "domain_name_label_scope": null,
            "edge_zone": "",
            "fqdn": null,
            "id": "/subscriptions/2c63fe1b-5386-424b-9198-a57bb4698643/resourceGroups/myResourceGroup/providers/Microsoft.Network/publicIPAddresses/worker-public-ip",
            "idle_timeout_in_minutes": 4,
            "ip_address": "4.251.108.218",
            "ip_tags": {},
            "ip_version": "IPv4",
            "location": "francecentral",
            "name": "worker-public-ip",
            "public_ip_prefix_id": null,
            "resource_group_name": "myResourceGroup",
            "reverse_fqdn": null,
            "sku": "Basic",
            "sku_tier": "Regional",
            "tags": {},
            "timeouts": null,
            "zones": []
          },
          "sensitive_attributes": [],
          "private": "eyJlMmJmYjczMC1lY2FhLTExZTYtOGY4OC0zNDM2M2JjN2M0YzAiOnsiY3JlYXRlIjoxODAwMDAwMDAwMDAwLCJkZWxldGUiOjE4MDAwMDAwMDAwMDAsInJlYWQiOjMwMDAwMDAwMDAwMCwidXBkYXRlIjoxODAwMDAwMDAwMDAwfX0=",
          "dependencies": [
            "azurerm_resource_group.rg"
          ]
        }
      ]
    },
    {
      "mode": "managed",
      "type": "azurerm_resource_group",
      "name": "rg",
      "provider": "provider[\"registry.terraform.io/hashicorp/azurerm\"]",
      "instances": [
        {
          "schema_version": 0,
          "attributes": {
            "id": "/subscriptions/2c63fe1b-5386-424b-9198-a57bb4698643/resourceGroups/myResourceGroup",
            "location": "francecentral",
            "managed_by": "",
            "name": "myResourceGroup",
            "tags": {},
            "timeouts": null
          },
          "sensitive_attributes": [],
          "private": "eyJlMmJmYjczMC1lY2FhLTExZTYtOGY4OC0zNDM2M2JjN2M0YzAiOnsiY3JlYXRlIjo1NDAwMDAwMDAwMDAwLCJkZWxldGUiOjU0MDAwMDAwMDAwMDAsInJlYWQiOjMwMDAwMDAwMDAwMCwidXBkYXRlIjo1NDAwMDAwMDAwMDAwfX0="
        }
      ]
    },
    {
      "mode": "managed",
      "type": "azurerm_subnet",
      "name": "subnet",
      "provider": "provider[\"registry.terraform.io/hashicorp/azurerm\"]",
      "instances": [
        {
          "schema_version": 0,
          "attributes": {
            "address_prefixes": [
              "10.0.1.0/24"
            ],
            "default_outbound_access_enabled": true,
            "delegation": [],
            "id": "/subscriptions/2c63fe1b-5386-424b-9198-a57bb4698643/resourceGroups/myResourceGroup/providers/Microsoft.Network/virtualNetworks/myVNet/subnets/mySubnet",
            "name": "mySubnet",
            "private_endpoint_network_policies": "Disabled",
            "private_link_service_network_policies_enabled": true,
            "resource_group_name": "myResourceGroup",
            "service_endpoint_policy_ids": [],
            "service_endpoints": [],
            "timeouts": null,
            "virtual_network_name": "myVNet"
          },
          "sensitive_attributes": [],
          "private": "eyJlMmJmYjczMC1lY2FhLTExZTYtOGY4OC0zNDM2M2JjN2M0YzAiOnsiY3JlYXRlIjoxODAwMDAwMDAwMDAwLCJkZWxldGUiOjE4MDAwMDAwMDAwMDAsInJlYWQiOjMwMDAwMDAwMDAwMCwidXBkYXRlIjoxODAwMDAwMDAwMDAwfX0=",
          "dependencies": [
            "azurerm_resource_group.rg",
            "azurerm_virtual_network.vnet"
          ]
        }
      ]
    },
    {
      "mode": "managed",
      "type": "azurerm_virtual_network",
      "name": "vnet",
      "provider": "provider[\"registry.terraform.io/hashicorp/azurerm\"]",
      "instances": [
        {
          "schema_version": 0,
          "attributes": {
            "address_space": [
              "10.0.0.0/16"
            ],
            "bgp_community": "",
            "ddos_protection_plan": [],
            "dns_servers": [],
            "edge_zone": "",
            "encryption": [],
            "flow_timeout_in_minutes": 0,
            "guid": "326c0b93-b2e3-4ff6-816f-7b4d048d9efa",
            "id": "/subscriptions/2c63fe1b-5386-424b-9198-a57bb4698643/resourceGroups/myResourceGroup/providers/Microsoft.Network/virtualNetworks/myVNet",
            "location": "francecentral",
            "name": "myVNet",
            "private_endpoint_vnet_policies": "Disabled",
            "resource_group_name": "myResourceGroup",
            "subnet": [
              {
                "address_prefixes": [
                  "10.0.1.0/24"
                ],
                "default_outbound_access_enabled": true,
                "delegation": [],
                "id": "/subscriptions/2c63fe1b-5386-424b-9198-a57bb4698643/resourceGroups/myResourceGroup/providers/Microsoft.Network/virtualNetworks/myVNet/subnets/mySubnet",
                "name": "mySubnet",
                "private_endpoint_network_policies": "Disabled",
                "private_link_service_network_policies_enabled": true,
                "route_table_id": "",
                "security_group": "",
                "service_endpoint_policy_ids": [],
                "service_endpoints": []
              }
            ],
            "tags": {},
            "timeouts": null
          },
          "sensitive_attributes": [],
          "private": "eyJlMmJmYjczMC1lY2FhLTExZTYtOGY4OC0zNDM2M2JjN2M0YzAiOnsiY3JlYXRlIjoxODAwMDAwMDAwMDAwLCJkZWxldGUiOjE4MDAwMDAwMDAwMDAsInJlYWQiOjMwMDAwMDAwMDAwMCwidXBkYXRlIjoxODAwMDAwMDAwMDAwfX0=",
          "dependencies": [
            "azurerm_resource_group.rg"
          ]
        }
      ]
    }
  ],
  "check_results": null
}
